
Microsoft Visual Studio Solution File, Format Version 12.00
# Visual Studio Version 17
VisualStudioVersion = 17.0.32002.185
MinimumVisualStudioVersion = 10.0.40219.1
Project("{FAE04EC0-301F-11D3-BF4B-00C04F79EFBC}") = "PaymentGateway.Api", "PaymentGateway\PaymentGateway.Api\PaymentGateway.Api.csproj", "{052D2AC8-6986-4021-947F-3EC37ECA5287}"
EndProject
Project("{FAE04EC0-301F-11D3-BF4B-00C04F79EFBC}") = "PaymentGateway.Infrastructure", "PaymentGateway\PaymentGateway.Infrastructure\PaymentGateway.Infrastructure.csproj", "{E1416B82-D988-45A1-A5AC-86E186437F99}"
EndProject
Project("{FAE04EC0-301F-11D3-BF4B-00C04F79EFBC}") = "PaymentGateway.Application", "PaymentGateway\PaymentGateway.Application\PaymentGateway.Application.csproj", "{F8A1B2F6-F426-4D2D-A2AA-98EAE556664A}"
EndProject
Project("{FAE04EC0-301F-11D3-BF4B-00C04F79EFBC}") = "PaymentGateway.Domain", "PaymentGateway\PaymentGateway.Domain\PaymentGateway.Domain.csproj", "{A7F927C0-5AB1-4FAC-8891-65C06880370E}"
EndProject
Project("{54A90642-561A-4BB1-A94E-469ADEE60C69}") = "PaymentGateway.UI", "PaymentGateway\PaymentGateway.UI\PaymentGateway.UI.esproj", "{3E09F243-E896-43C2-B0B4-1B72F85617D8}"
EndProject
Global
	GlobalSection(SolutionConfigurationPlatforms) = preSolution
		Debug|Any CPU = Debug|Any CPU
		Release|Any CPU = Release|Any CPU
	EndGlobalSection
	GlobalSection(ProjectConfigurationPlatforms) = postSolution
		{052D2AC8-6986-4021-947F-3EC37ECA5287}.Debug|Any CPU.ActiveCfg = Debug|Any CPU
		{052D2AC8-6986-4021-947F-3EC37ECA5287}.Debug|Any CPU.Build.0 = Debug|Any CPU
		{052D2AC8-6986-4021-947F-3EC37ECA5287}.Release|Any CPU.ActiveCfg = Release|Any CPU
		{052D2AC8-6986-4021-947F-3EC37ECA5287}.Release|Any CPU.Build.0 = Release|Any CPU
		{E1416B82-D988-45A1-A5AC-86E186437F99}.Debug|Any CPU.ActiveCfg = Debug|Any CPU
		{E1416B82-D988-45A1-A5AC-86E186437F99}.Debug|Any CPU.Build.0 = Debug|Any CPU
		{E1416B82-D988-45A1-A5AC-86E186437F99}.Release|Any CPU.ActiveCfg = Release|Any CPU
		{E1416B82-D988-45A1-A5AC-86E186437F99}.Release|Any CPU.Build.0 = Release|Any CPU
		{F8A1B2F6-F426-4D2D-A2AA-98EAE556664A}.Debug|Any CPU.ActiveCfg = Debug|Any CPU
		{F8A1B2F6-F426-4D2D-A2AA-98EAE556664A}.Debug|Any CPU.Build.0 = Debug|Any CPU
		{F8A1B2F6-F426-4D2D-A2AA-98EAE556664A}.Release|Any CPU.ActiveCfg = Release|Any CPU
		{F8A1B2F6-F426-4D2D-A2AA-98EAE556664A}.Release|Any CPU.Build.0 = Release|Any CPU
		{A7F927C0-5AB1-4FAC-8891-65C06880370E}.Debug|Any CPU.ActiveCfg = Debug|Any CPU
		{A7F927C0-5AB1-4FAC-8891-65C06880370E}.Debug|Any CPU.Build.0 = Debug|Any CPU
		{A7F927C0-5AB1-4FAC-8891-65C06880370E}.Release|Any CPU.ActiveCfg = Release|Any CPU
		{A7F927C0-5AB1-4FAC-8891-65C06880370E}.Release|Any CPU.Build.0 = Release|Any CPU
		{3E09F243-E896-43C2-B0B4-1B72F85617D8}.Debug|Any CPU.ActiveCfg = Debug|Any CPU
		{3E09F243-E896-43C2-B0B4-1B72F85617D8}.Debug|Any CPU.Build.0 = Debug|Any CPU
		{3E09F243-E896-43C2-B0B4-1B72F85617D8}.Debug|Any CPU.Deploy.0 = Debug|Any CPU
		{3E09F243-E896-43C2-B0B4-1B72F85617D8}.Release|Any CPU.ActiveCfg = Release|Any CPU
		{3E09F243-E896-43C2-B0B4-1B72F85617D8}.Release|Any CPU.Build.0 = Release|Any CPU
		{3E09F243-E896-43C2-B0B4-1B72F85617D8}.Release|Any CPU.Deploy.0 = Release|Any CPU
	EndGlobalSection
	GlobalSection(SolutionProperties) = preSolution
		HideSolutionNode = FALSE
	EndGlobalSection
	GlobalSection(ExtensibilityGlobals) = postSolution
		SolutionGuid = {5002DE59-819B-435E-8AD9-72BB4A541137}
	EndGlobalSection
EndGlobal
